
Microsoft Visual Studio Solution File, Format Version 12.00
# Visual Studio Version 17
VisualStudioVersion = 17.5.33516.290
MinimumVisualStudioVersion = 10.0.40219.1
Project("{9A19103F-16F7-4668-BE54-9A1E7A4F7556}") = "vuc.server", "vuc.server\vuc.server.csproj", "{BE4A3998-CAA2-494B-97EA-EE6489CA2A7B}"
EndProject
Project("{2150E333-8FDC-42A3-9474-1A3956D46DE8}") = "Solution Items", "Solution Items", "{91CE6EBC-32B1-49A7-B4F0-8CF496B1F709}"
	ProjectSection(SolutionItems) = preProject
		README.md = README.md
	EndProjectSection
EndProject
Project("{9A19103F-16F7-4668-BE54-9A1E7A4F7556}") = "vuc.client", "vuc.client\vuc.client.csproj", "{43495EF5-635E-4636-A0E2-CEC979DC1250}"
EndProject
Project("{D954291E-2A0B-460D-934E-DC6B0785DB48}") = "vuc.shared", "vuc.shared\vuc.shared.shproj", "{7716E71B-9E3F-4E89-89E0-9A9B78372921}"
EndProject
Global
	GlobalSection(SolutionConfigurationPlatforms) = preSolution
		Debug|Any CPU = Debug|Any CPU
		Release|Any CPU = Release|Any CPU
	EndGlobalSection
	GlobalSection(ProjectConfigurationPlatforms) = postSolution
		{BE4A3998-CAA2-494B-97EA-EE6489CA2A7B}.Debug|Any CPU.ActiveCfg = Debug|Any CPU
		{BE4A3998-CAA2-494B-97EA-EE6489CA2A7B}.Debug|Any CPU.Build.0 = Debug|Any CPU
		{BE4A3998-CAA2-494B-97EA-EE6489CA2A7B}.Release|Any CPU.ActiveCfg = Release|Any CPU
		{BE4A3998-CAA2-494B-97EA-EE6489CA2A7B}.Release|Any CPU.Build.0 = Release|Any CPU
		{43495EF5-635E-4636-A0E2-CEC979DC1250}.Debug|Any CPU.ActiveCfg = Debug|Any CPU
		{43495EF5-635E-4636-A0E2-CEC979DC1250}.Debug|Any CPU.Build.0 = Debug|Any CPU
		{43495EF5-635E-4636-A0E2-CEC979DC1250}.Release|Any CPU.ActiveCfg = Release|Any CPU
		{43495EF5-635E-4636-A0E2-CEC979DC1250}.Release|Any CPU.Build.0 = Release|Any CPU
	EndGlobalSection
	GlobalSection(SolutionProperties) = preSolution
		HideSolutionNode = FALSE
	EndGlobalSection
	GlobalSection(ExtensibilityGlobals) = postSolution
		SolutionGuid = {65942A89-36B5-4C8D-8AB8-4173E7262857}
	EndGlobalSection
	GlobalSection(SharedMSBuildProjectFiles) = preSolution
		vuc.shared\vuc.shared.projitems*{43495ef5-635e-4636-a0e2-cec979dc1250}*SharedItemsImports = 5
		vuc.shared\vuc.shared.projitems*{7716e71b-9e3f-4e89-89e0-9a9b78372921}*SharedItemsImports = 13
		vuc.shared\vuc.shared.projitems*{be4a3998-caa2-494b-97ea-ee6489ca2a7b}*SharedItemsImports = 5
	EndGlobalSection
EndGlobal
